
Microsoft Visual Studio Solution File, Format Version 12.00
# Visual Studio Version 16
VisualStudioVersion = 16.0.31729.503
MinimumVisualStudioVersion = 10.0.40219.1
Project("{FAE04EC0-301F-11D3-BF4B-00C04F79EFBC}") = "WebApplication2", "WebApplication2\WebApplication2.csproj", "{1CE804B7-1265-419F-8711-AC4E25E5DD0B}"
EndProject
Global
	GlobalSection(SolutionConfigurationPlatforms) = preSolution
		Debug|Any CPU = Debug|Any CPU
		Debug|x86 = Debug|x86
		Release|Any CPU = Release|Any CPU
		Release|x86 = Release|x86
	EndGlobalSection
	GlobalSection(ProjectConfigurationPlatforms) = postSolution
		{1CE804B7-1265-419F-8711-AC4E25E5DD0B}.Debug|Any CPU.ActiveCfg = Debug|Any CPU
		{1CE804B7-1265-419F-8711-AC4E25E5DD0B}.Debug|Any CPU.Build.0 = Debug|Any CPU
		{1CE804B7-1265-419F-8711-AC4E25E5DD0B}.Debug|x86.ActiveCfg = Debug|x86
		{1CE804B7-1265-419F-8711-AC4E25E5DD0B}.Debug|x86.Build.0 = Debug|x86
		{1CE804B7-1265-419F-8711-AC4E25E5DD0B}.Release|Any CPU.ActiveCfg = Release|Any CPU
		{1CE804B7-1265-419F-8711-AC4E25E5DD0B}.Release|Any CPU.Build.0 = Release|Any CPU
		{1CE804B7-1265-419F-8711-AC4E25E5DD0B}.Release|x86.ActiveCfg = Release|x86
		{1CE804B7-1265-419F-8711-AC4E25E5DD0B}.Release|x86.Build.0 = Release|x86
	EndGlobalSection
	GlobalSection(SolutionProperties) = preSolution
		HideSolutionNode = FALSE
	EndGlobalSection
	GlobalSection(ExtensibilityGlobals) = postSolution
		SolutionGuid = {DA019D9B-6A93-4005-8283-97E87090199E}
	EndGlobalSection
EndGlobal
